
Microsoft Visual Studio Solution File, Format Version 12.00
# Visual Studio Version 17
VisualStudioVersion = 17.5.33502.453
MinimumVisualStudioVersion = 10.0.40219.1
Project("{9A19103F-16F7-4668-BE54-9A1E7A4F7556}") = "ProyectoDesarrollo.B.P", "ProyectoDesarrollo.B.P\ProyectoDesarrollo.B.P.csproj", "{0D667E9F-A093-487D-AC53-EB05BBE32E86}"
EndProject
Project("{2150E333-8FDC-42A3-9474-1A3956D46DE8}") = "Solution Items", "Solution Items", "{5CFA5FEF-C0DD-403E-A812-96A2E6D83096}"
	ProjectSection(SolutionItems) = preProject
		.editorconfig = .editorconfig
	EndProjectSection
EndProject
Global
	GlobalSection(SolutionConfigurationPlatforms) = preSolution
		Debug|Any CPU = Debug|Any CPU
		Release|Any CPU = Release|Any CPU
	EndGlobalSection
	GlobalSection(ProjectConfigurationPlatforms) = postSolution
		{0D667E9F-A093-487D-AC53-EB05BBE32E86}.Debug|Any CPU.ActiveCfg = Debug|Any CPU
		{0D667E9F-A093-487D-AC53-EB05BBE32E86}.Debug|Any CPU.Build.0 = Debug|Any CPU
		{0D667E9F-A093-487D-AC53-EB05BBE32E86}.Release|Any CPU.ActiveCfg = Release|Any CPU
		{0D667E9F-A093-487D-AC53-EB05BBE32E86}.Release|Any CPU.Build.0 = Release|Any CPU
	EndGlobalSection
	GlobalSection(SolutionProperties) = preSolution
		HideSolutionNode = FALSE
	EndGlobalSection
	GlobalSection(ExtensibilityGlobals) = postSolution
		SolutionGuid = {B1B3C689-B814-45E6-8798-A2EA392EBC2C}
	EndGlobalSection
EndGlobal
